
Microsoft Visual Studio Solution File, Format Version 12.00
# Visual Studio Version 16
VisualStudioVersion = 16.0.31112.23
MinimumVisualStudioVersion = 10.0.40219.1
Project("{FAE04EC0-301F-11D3-BF4B-00C04F79EFBC}") = "UnionBase", "UnionBase\UnionBase.csproj", "{56F344A9-6D3E-45CC-B5A3-84A98976BBC9}"
EndProject
Global
	GlobalSection(SolutionConfigurationPlatforms) = preSolution
		Debug|Any CPU = Debug|Any CPU
		Release|Any CPU = Release|Any CPU
	EndGlobalSection
	GlobalSection(ProjectConfigurationPlatforms) = postSolution
		{56F344A9-6D3E-45CC-B5A3-84A98976BBC9}.Debug|Any CPU.ActiveCfg = Debug|Any CPU
		{56F344A9-6D3E-45CC-B5A3-84A98976BBC9}.Debug|Any CPU.Build.0 = Debug|Any CPU
		{56F344A9-6D3E-45CC-B5A3-84A98976BBC9}.Release|Any CPU.ActiveCfg = Release|Any CPU
		{56F344A9-6D3E-45CC-B5A3-84A98976BBC9}.Release|Any CPU.Build.0 = Release|Any CPU
	EndGlobalSection
	GlobalSection(SolutionProperties) = preSolution
		HideSolutionNode = FALSE
	EndGlobalSection
	GlobalSection(ExtensibilityGlobals) = postSolution
		SolutionGuid = {77374902-F5C0-4AF2-AE21-4E54EA66AA81}
	EndGlobalSection
EndGlobal
